
Microsoft Visual Studio Solution File, Format Version 12.00
# Visual Studio Version 16
VisualStudioVersion = 16.0.28803.352
MinimumVisualStudioVersion = 10.0.40219.1
Project("{FAE04EC0-301F-11D3-BF4B-00C04F79EFBC}") = "ChessBeast", "ChessBeast\ChessBeast.csproj", "{6871B9AF-92C6-4804-88B6-D078F104794C}"
EndProject
Project("{FAE04EC0-301F-11D3-BF4B-00C04F79EFBC}") = "ChessBeast.Models", "ChessBeast.Models\ChessBeast.Models.csproj", "{89A0A781-81EF-407B-A326-6252BA36F207}"
EndProject
Project("{FAE04EC0-301F-11D3-BF4B-00C04F79EFBC}") = "ChessBeast.Engine", "ChessBeast.Engine\ChessBeast.Engine.csproj", "{62963DF9-41A0-4F53-B88D-AAF475CB5612}"
EndProject
Project("{FAE04EC0-301F-11D3-BF4B-00C04F79EFBC}") = "ChessBeast.Services", "ChessBeast.Services\ChessBeast.Services.csproj", "{F04C9438-D45C-479E-B4F4-82792D62F07E}"
EndProject
Project("{2150E333-8FDC-42A3-9474-1A3956D46DE8}") = "Factories", "Factories", "{C1DE1A3A-7F48-48F1-96B2-7ADA5B1A9825}"
EndProject
Project("{FAE04EC0-301F-11D3-BF4B-00C04F79EFBC}") = "ChessBeast.BoardFactory", "ChessBeast.BoardFactory\ChessBeast.BoardFactory.csproj", "{AA7CDD46-2BD6-42BE-BDC9-F14742330689}"
EndProject
Project("{FAE04EC0-301F-11D3-BF4B-00C04F79EFBC}") = "ChessBeast.IFactory", "ChessBeast.IFactory\ChessBeast.IFactory.csproj", "{F9E2A9E7-93F2-4867-81A8-4A99390AF340}"
EndProject
Project("{FAE04EC0-301F-11D3-BF4B-00C04F79EFBC}") = "ChessBeast.FigureFactory", "ChessBeast.FigureFactory\ChessBeast.FigureFactory.csproj", "{1915188A-65BC-4555-A6BD-D206CF2DA397}"
EndProject
Project("{2150E333-8FDC-42A3-9474-1A3956D46DE8}") = "Helpers", "Helpers", "{D0E1907C-38B9-4C78-8792-F9C185234594}"
EndProject
Project("{FAE04EC0-301F-11D3-BF4B-00C04F79EFBC}") = "ChessBeast.Extensions", "ChessBeast.Extensions\ChessBeast.Extensions.csproj", "{00DC925F-7D07-4B50-B624-378A8992BEFD}"
EndProject
Global
	GlobalSection(SolutionConfigurationPlatforms) = preSolution
		Debug|Any CPU = Debug|Any CPU
		Release|Any CPU = Release|Any CPU
	EndGlobalSection
	GlobalSection(ProjectConfigurationPlatforms) = postSolution
		{6871B9AF-92C6-4804-88B6-D078F104794C}.Debug|Any CPU.ActiveCfg = Debug|Any CPU
		{6871B9AF-92C6-4804-88B6-D078F104794C}.Debug|Any CPU.Build.0 = Debug|Any CPU
		{6871B9AF-92C6-4804-88B6-D078F104794C}.Release|Any CPU.ActiveCfg = Release|Any CPU
		{6871B9AF-92C6-4804-88B6-D078F104794C}.Release|Any CPU.Build.0 = Release|Any CPU
		{89A0A781-81EF-407B-A326-6252BA36F207}.Debug|Any CPU.ActiveCfg = Debug|Any CPU
		{89A0A781-81EF-407B-A326-6252BA36F207}.Debug|Any CPU.Build.0 = Debug|Any CPU
		{89A0A781-81EF-407B-A326-6252BA36F207}.Release|Any CPU.ActiveCfg = Release|Any CPU
		{89A0A781-81EF-407B-A326-6252BA36F207}.Release|Any CPU.Build.0 = Release|Any CPU
		{62963DF9-41A0-4F53-B88D-AAF475CB5612}.Debug|Any CPU.ActiveCfg = Debug|Any CPU
		{62963DF9-41A0-4F53-B88D-AAF475CB5612}.Debug|Any CPU.Build.0 = Debug|Any CPU
		{62963DF9-41A0-4F53-B88D-AAF475CB5612}.Release|Any CPU.ActiveCfg = Release|Any CPU
		{62963DF9-41A0-4F53-B88D-AAF475CB5612}.Release|Any CPU.Build.0 = Release|Any CPU
		{F04C9438-D45C-479E-B4F4-82792D62F07E}.Debug|Any CPU.ActiveCfg = Debug|Any CPU
		{F04C9438-D45C-479E-B4F4-82792D62F07E}.Debug|Any CPU.Build.0 = Debug|Any CPU
		{F04C9438-D45C-479E-B4F4-82792D62F07E}.Release|Any CPU.ActiveCfg = Release|Any CPU
		{F04C9438-D45C-479E-B4F4-82792D62F07E}.Release|Any CPU.Build.0 = Release|Any CPU
		{AA7CDD46-2BD6-42BE-BDC9-F14742330689}.Debug|Any CPU.ActiveCfg = Debug|Any CPU
		{AA7CDD46-2BD6-42BE-BDC9-F14742330689}.Debug|Any CPU.Build.0 = Debug|Any CPU
		{AA7CDD46-2BD6-42BE-BDC9-F14742330689}.Release|Any CPU.ActiveCfg = Release|Any CPU
		{AA7CDD46-2BD6-42BE-BDC9-F14742330689}.Release|Any CPU.Build.0 = Release|Any CPU
		{F9E2A9E7-93F2-4867-81A8-4A99390AF340}.Debug|Any CPU.ActiveCfg = Debug|Any CPU
		{F9E2A9E7-93F2-4867-81A8-4A99390AF340}.Debug|Any CPU.Build.0 = Debug|Any CPU
		{F9E2A9E7-93F2-4867-81A8-4A99390AF340}.Release|Any CPU.ActiveCfg = Release|Any CPU
		{F9E2A9E7-93F2-4867-81A8-4A99390AF340}.Release|Any CPU.Build.0 = Release|Any CPU
		{1915188A-65BC-4555-A6BD-D206CF2DA397}.Debug|Any CPU.ActiveCfg = Debug|Any CPU
		{1915188A-65BC-4555-A6BD-D206CF2DA397}.Debug|Any CPU.Build.0 = Debug|Any CPU
		{1915188A-65BC-4555-A6BD-D206CF2DA397}.Release|Any CPU.ActiveCfg = Release|Any CPU
		{1915188A-65BC-4555-A6BD-D206CF2DA397}.Release|Any CPU.Build.0 = Release|Any CPU
		{00DC925F-7D07-4B50-B624-378A8992BEFD}.Debug|Any CPU.ActiveCfg = Debug|Any CPU
		{00DC925F-7D07-4B50-B624-378A8992BEFD}.Debug|Any CPU.Build.0 = Debug|Any CPU
		{00DC925F-7D07-4B50-B624-378A8992BEFD}.Release|Any CPU.ActiveCfg = Release|Any CPU
		{00DC925F-7D07-4B50-B624-378A8992BEFD}.Release|Any CPU.Build.0 = Release|Any CPU
	EndGlobalSection
	GlobalSection(SolutionProperties) = preSolution
		HideSolutionNode = FALSE
	EndGlobalSection
	GlobalSection(NestedProjects) = preSolution
		{AA7CDD46-2BD6-42BE-BDC9-F14742330689} = {C1DE1A3A-7F48-48F1-96B2-7ADA5B1A9825}
		{F9E2A9E7-93F2-4867-81A8-4A99390AF340} = {C1DE1A3A-7F48-48F1-96B2-7ADA5B1A9825}
		{1915188A-65BC-4555-A6BD-D206CF2DA397} = {C1DE1A3A-7F48-48F1-96B2-7ADA5B1A9825}
		{00DC925F-7D07-4B50-B624-378A8992BEFD} = {D0E1907C-38B9-4C78-8792-F9C185234594}
	EndGlobalSection
	GlobalSection(ExtensibilityGlobals) = postSolution
		SolutionGuid = {55018A7F-FF9C-41A5-A7CB-F139451043E6}
	EndGlobalSection
EndGlobal
