
Microsoft Visual Studio Solution File, Format Version 12.00
# Visual Studio Version 16
VisualStudioVersion = 16.0.28803.352
MinimumVisualStudioVersion = 10.0.40219.1
Project("{9A19103F-16F7-4668-BE54-9A1E7A4F7556}") = "ChessBeast", "ChessBeast\ChessBeast.csproj", "{6871B9AF-92C6-4804-88B6-D078F104794C}"
EndProject
Project("{9A19103F-16F7-4668-BE54-9A1E7A4F7556}") = "ChessBeast.Models", "ChessBeast.Models\ChessBeast.Models.csproj", "{89A0A781-81EF-407B-A326-6252BA36F207}"
EndProject
Project("{9A19103F-16F7-4668-BE54-9A1E7A4F7556}") = "ChessBeast.Services", "ChessBeast.Services\ChessBeast.Services.csproj", "{F04C9438-D45C-479E-B4F4-82792D62F07E}"
EndProject
Project("{2150E333-8FDC-42A3-9474-1A3956D46DE8}") = "Factories", "Factories", "{C1DE1A3A-7F48-48F1-96B2-7ADA5B1A9825}"
EndProject
Project("{9A19103F-16F7-4668-BE54-9A1E7A4F7556}") = "ChessBeast.BoardFactory", "ChessBeast.BoardFactory\ChessBeast.BoardFactory.csproj", "{AA7CDD46-2BD6-42BE-BDC9-F14742330689}"
EndProject
Project("{9A19103F-16F7-4668-BE54-9A1E7A4F7556}") = "ChessBeast.IFactory", "ChessBeast.IFactory\ChessBeast.IFactory.csproj", "{F9E2A9E7-93F2-4867-81A8-4A99390AF340}"
EndProject
Project("{9A19103F-16F7-4668-BE54-9A1E7A4F7556}") = "ChessBeast.FigureFactory", "ChessBeast.FigureFactory\ChessBeast.FigureFactory.csproj", "{1915188A-65BC-4555-A6BD-D206CF2DA397}"
EndProject
Project("{2150E333-8FDC-42A3-9474-1A3956D46DE8}") = "Helpers", "Helpers", "{D0E1907C-38B9-4C78-8792-F9C185234594}"
EndProject
Project("{9A19103F-16F7-4668-BE54-9A1E7A4F7556}") = "ChessBeast.Extensions", "ChessBeast.Extensions\ChessBeast.Extensions.csproj", "{00DC925F-7D07-4B50-B624-378A8992BEFD}"
EndProject
Project("{2150E333-8FDC-42A3-9474-1A3956D46DE8}") = "AI", "AI", "{8B5B1169-29B5-469B-8A4C-46DA3DA08493}"
EndProject
Project("{FAE04EC0-301F-11D3-BF4B-00C04F79EFBC}") = "ChessBeast.AI", "ChessBeast.AI\ChessBeast.AI.csproj", "{D9160540-CEC0-4D07-B4CE-1CBB87740FBC}"
EndProject
Project("{2150E333-8FDC-42A3-9474-1A3956D46DE8}") = "Engine", "Engine", "{FFB076C0-5E08-4DB7-A15E-01C89ED78B06}"
EndProject
Project("{FAE04EC0-301F-11D3-BF4B-00C04F79EFBC}") = "ChessBeast.Engine.MovesGenerator", "ChessBeast.Engine.MovesGenerator\ChessBeast.Engine.MovesGenerator.csproj", "{368C5012-1480-425C-99BE-CEB10E815B57}"
EndProject
Project("{FAE04EC0-301F-11D3-BF4B-00C04F79EFBC}") = "ChessBeast.Engine.BoardManager", "ChessBeast.Engine.BoardManager\ChessBeast.Engine.BoardManager.csproj", "{2A90CA6E-0469-4BC5-BE82-01A786536322}"
EndProject
Project("{FAE04EC0-301F-11D3-BF4B-00C04F79EFBC}") = "ChessBeast.Engine.MovesValidator", "ChessBeast.Engine.MovesValidator\ChessBeast.Engine.MovesValidator.csproj", "{64CEEC53-B247-4314-8492-5492795D9A7C}"
EndProject
Global
	GlobalSection(SolutionConfigurationPlatforms) = preSolution
		Debug|Any CPU = Debug|Any CPU
		Release|Any CPU = Release|Any CPU
	EndGlobalSection
	GlobalSection(ProjectConfigurationPlatforms) = postSolution
		{6871B9AF-92C6-4804-88B6-D078F104794C}.Debug|Any CPU.ActiveCfg = Debug|Any CPU
		{6871B9AF-92C6-4804-88B6-D078F104794C}.Debug|Any CPU.Build.0 = Debug|Any CPU
		{6871B9AF-92C6-4804-88B6-D078F104794C}.Release|Any CPU.ActiveCfg = Release|Any CPU
		{6871B9AF-92C6-4804-88B6-D078F104794C}.Release|Any CPU.Build.0 = Release|Any CPU
		{89A0A781-81EF-407B-A326-6252BA36F207}.Debug|Any CPU.ActiveCfg = Debug|Any CPU
		{89A0A781-81EF-407B-A326-6252BA36F207}.Debug|Any CPU.Build.0 = Debug|Any CPU
		{89A0A781-81EF-407B-A326-6252BA36F207}.Release|Any CPU.ActiveCfg = Release|Any CPU
		{89A0A781-81EF-407B-A326-6252BA36F207}.Release|Any CPU.Build.0 = Release|Any CPU
		{F04C9438-D45C-479E-B4F4-82792D62F07E}.Debug|Any CPU.ActiveCfg = Debug|Any CPU
		{F04C9438-D45C-479E-B4F4-82792D62F07E}.Debug|Any CPU.Build.0 = Debug|Any CPU
		{F04C9438-D45C-479E-B4F4-82792D62F07E}.Release|Any CPU.ActiveCfg = Release|Any CPU
		{F04C9438-D45C-479E-B4F4-82792D62F07E}.Release|Any CPU.Build.0 = Release|Any CPU
		{AA7CDD46-2BD6-42BE-BDC9-F14742330689}.Debug|Any CPU.ActiveCfg = Debug|Any CPU
		{AA7CDD46-2BD6-42BE-BDC9-F14742330689}.Debug|Any CPU.Build.0 = Debug|Any CPU
		{AA7CDD46-2BD6-42BE-BDC9-F14742330689}.Release|Any CPU.ActiveCfg = Release|Any CPU
		{AA7CDD46-2BD6-42BE-BDC9-F14742330689}.Release|Any CPU.Build.0 = Release|Any CPU
		{F9E2A9E7-93F2-4867-81A8-4A99390AF340}.Debug|Any CPU.ActiveCfg = Debug|Any CPU
		{F9E2A9E7-93F2-4867-81A8-4A99390AF340}.Debug|Any CPU.Build.0 = Debug|Any CPU
		{F9E2A9E7-93F2-4867-81A8-4A99390AF340}.Release|Any CPU.ActiveCfg = Release|Any CPU
		{F9E2A9E7-93F2-4867-81A8-4A99390AF340}.Release|Any CPU.Build.0 = Release|Any CPU
		{1915188A-65BC-4555-A6BD-D206CF2DA397}.Debug|Any CPU.ActiveCfg = Debug|Any CPU
		{1915188A-65BC-4555-A6BD-D206CF2DA397}.Debug|Any CPU.Build.0 = Debug|Any CPU
		{1915188A-65BC-4555-A6BD-D206CF2DA397}.Release|Any CPU.ActiveCfg = Release|Any CPU
		{1915188A-65BC-4555-A6BD-D206CF2DA397}.Release|Any CPU.Build.0 = Release|Any CPU
		{00DC925F-7D07-4B50-B624-378A8992BEFD}.Debug|Any CPU.ActiveCfg = Debug|Any CPU
		{00DC925F-7D07-4B50-B624-378A8992BEFD}.Debug|Any CPU.Build.0 = Debug|Any CPU
		{00DC925F-7D07-4B50-B624-378A8992BEFD}.Release|Any CPU.ActiveCfg = Release|Any CPU
		{00DC925F-7D07-4B50-B624-378A8992BEFD}.Release|Any CPU.Build.0 = Release|Any CPU
		{D9160540-CEC0-4D07-B4CE-1CBB87740FBC}.Debug|Any CPU.ActiveCfg = Debug|Any CPU
		{D9160540-CEC0-4D07-B4CE-1CBB87740FBC}.Debug|Any CPU.Build.0 = Debug|Any CPU
		{D9160540-CEC0-4D07-B4CE-1CBB87740FBC}.Release|Any CPU.ActiveCfg = Release|Any CPU
		{D9160540-CEC0-4D07-B4CE-1CBB87740FBC}.Release|Any CPU.Build.0 = Release|Any CPU
		{368C5012-1480-425C-99BE-CEB10E815B57}.Debug|Any CPU.ActiveCfg = Debug|Any CPU
		{368C5012-1480-425C-99BE-CEB10E815B57}.Debug|Any CPU.Build.0 = Debug|Any CPU
		{368C5012-1480-425C-99BE-CEB10E815B57}.Release|Any CPU.ActiveCfg = Release|Any CPU
		{368C5012-1480-425C-99BE-CEB10E815B57}.Release|Any CPU.Build.0 = Release|Any CPU
		{2A90CA6E-0469-4BC5-BE82-01A786536322}.Debug|Any CPU.ActiveCfg = Debug|Any CPU
		{2A90CA6E-0469-4BC5-BE82-01A786536322}.Debug|Any CPU.Build.0 = Debug|Any CPU
		{2A90CA6E-0469-4BC5-BE82-01A786536322}.Release|Any CPU.ActiveCfg = Release|Any CPU
		{2A90CA6E-0469-4BC5-BE82-01A786536322}.Release|Any CPU.Build.0 = Release|Any CPU
		{64CEEC53-B247-4314-8492-5492795D9A7C}.Debug|Any CPU.ActiveCfg = Debug|Any CPU
		{64CEEC53-B247-4314-8492-5492795D9A7C}.Debug|Any CPU.Build.0 = Debug|Any CPU
		{64CEEC53-B247-4314-8492-5492795D9A7C}.Release|Any CPU.ActiveCfg = Release|Any CPU
		{64CEEC53-B247-4314-8492-5492795D9A7C}.Release|Any CPU.Build.0 = Release|Any CPU
	EndGlobalSection
	GlobalSection(SolutionProperties) = preSolution
		HideSolutionNode = FALSE
	EndGlobalSection
	GlobalSection(NestedProjects) = preSolution
		{AA7CDD46-2BD6-42BE-BDC9-F14742330689} = {C1DE1A3A-7F48-48F1-96B2-7ADA5B1A9825}
		{F9E2A9E7-93F2-4867-81A8-4A99390AF340} = {C1DE1A3A-7F48-48F1-96B2-7ADA5B1A9825}
		{1915188A-65BC-4555-A6BD-D206CF2DA397} = {C1DE1A3A-7F48-48F1-96B2-7ADA5B1A9825}
		{00DC925F-7D07-4B50-B624-378A8992BEFD} = {D0E1907C-38B9-4C78-8792-F9C185234594}
		{D9160540-CEC0-4D07-B4CE-1CBB87740FBC} = {8B5B1169-29B5-469B-8A4C-46DA3DA08493}
		{368C5012-1480-425C-99BE-CEB10E815B57} = {FFB076C0-5E08-4DB7-A15E-01C89ED78B06}
		{2A90CA6E-0469-4BC5-BE82-01A786536322} = {FFB076C0-5E08-4DB7-A15E-01C89ED78B06}
		{64CEEC53-B247-4314-8492-5492795D9A7C} = {FFB076C0-5E08-4DB7-A15E-01C89ED78B06}
	EndGlobalSection
	GlobalSection(ExtensibilityGlobals) = postSolution
		SolutionGuid = {55018A7F-FF9C-41A5-A7CB-F139451043E6}
	EndGlobalSection
EndGlobal
